// !$*UTF8*$!
{
	archiveVersion = 1;
	classes = {
	};
	objectVersion = 56;
	objects = {

/* Begin PBXBuildFile section */
		1E6755BF2C4619D6004C553C /* Room.swift in Sources */ = {isa = PBXBuildFile; fileRef = 1E6755BE2C4619D6004C553C /* Room.swift */; };
		AF1358552C477154005F72C3 /* PKStrokeMatching.swift in Sources */ = {isa = PBXBuildFile; fileRef = AF1358542C477154005F72C3 /* PKStrokeMatching.swift */; };
		AF1358572C47719E005F72C3 /* PKStrokePathAdditions.swift in Sources */ = {isa = PBXBuildFile; fileRef = AF1358562C47719E005F72C3 /* PKStrokePathAdditions.swift */; };
		AF13585B2C477287005F72C3 /* PracticeViewController.swift in Sources */ = {isa = PBXBuildFile; fileRef = AF13585A2C477287005F72C3 /* PracticeViewController.swift */; };
		AF13585D2C4772B0005F72C3 /* TextGenerator.swift in Sources */ = {isa = PBXBuildFile; fileRef = AF13585C2C4772B0005F72C3 /* TextGenerator.swift */; };
		AF13585F2C4773B2005F72C3 /* SceneDelegate.swift in Sources */ = {isa = PBXBuildFile; fileRef = AF13585E2C4773B2005F72C3 /* SceneDelegate.swift */; };
		AF181F102C44CFFE0070C7CA /* AppDelegate.swift in Sources */ = {isa = PBXBuildFile; fileRef = AF181F0F2C44CFFE0070C7CA /* AppDelegate.swift */; };
		AF181F122C44CFFF0070C7CA /* GameScene.sks in Resources */ = {isa = PBXBuildFile; fileRef = AF181F112C44CFFF0070C7CA /* GameScene.sks */; };
		AF181F142C44CFFF0070C7CA /* Actions.sks in Resources */ = {isa = PBXBuildFile; fileRef = AF181F132C44CFFF0070C7CA /* Actions.sks */; };
		AF181F162C44CFFF0070C7CA /* GameScene.swift in Sources */ = {isa = PBXBuildFile; fileRef = AF181F152C44CFFF0070C7CA /* GameScene.swift */; };
		AF181F182C44CFFF0070C7CA /* GameViewController.swift in Sources */ = {isa = PBXBuildFile; fileRef = AF181F172C44CFFF0070C7CA /* GameViewController.swift */; };
		AF181F1B2C44CFFF0070C7CA /* Main.storyboard in Resources */ = {isa = PBXBuildFile; fileRef = AF181F192C44CFFF0070C7CA /* Main.storyboard */; };
		AF181F1D2C44D0010070C7CA /* Assets.xcassets in Resources */ = {isa = PBXBuildFile; fileRef = AF181F1C2C44D0010070C7CA /* Assets.xcassets */; };
		AF181F202C44D0010070C7CA /* LaunchScreen.storyboard in Resources */ = {isa = PBXBuildFile; fileRef = AF181F1E2C44D0010070C7CA /* LaunchScreen.storyboard */; };
		AF65FA9D2C4619CE0025B68B /* AvatarRecap.swift in Sources */ = {isa = PBXBuildFile; fileRef = AF65FA9C2C4619CE0025B68B /* AvatarRecap.swift */; };
		AF65FA9F2C461B490025B68B /* RecapAvatarViewController.swift in Sources */ = {isa = PBXBuildFile; fileRef = AF65FA9E2C461B490025B68B /* RecapAvatarViewController.swift */; };
		AF65FAA12C461E650025B68B /* Character.swift in Sources */ = {isa = PBXBuildFile; fileRef = AF65FAA02C461E650025B68B /* Character.swift */; };
		FA5EA3302C48C97600A1D827 /* CharacterData.swift in Sources */ = {isa = PBXBuildFile; fileRef = FA5EA32F2C48C97600A1D827 /* CharacterData.swift */; };
		FA5EA3322C49144500A1D827 /* TaskManager.swift in Sources */ = {isa = PBXBuildFile; fileRef = FA5EA3312C49144500A1D827 /* TaskManager.swift */; };
		FA5EA3362C49158900A1D827 /* ToDo.swift in Sources */ = {isa = PBXBuildFile; fileRef = FA5EA3352C49158900A1D827 /* ToDo.swift */; };
		FA743A6D2C47855F00EAFB0D /* PencilBoardView.swift in Sources */ = {isa = PBXBuildFile; fileRef = FA743A6C2C47855F00EAFB0D /* PencilBoardView.swift */; };
		FA743A6F2C48A92B00EAFB0D /* RoomDataController.swift in Sources */ = {isa = PBXBuildFile; fileRef = FA743A6E2C48A92B00EAFB0D /* RoomDataController.swift */; };
		FAB92E0C2C44D18300F52346 /* PencilBoardViewModel.swift in Sources */ = {isa = PBXBuildFile; fileRef = FAB92E0B2C44D18300F52346 /* PencilBoardViewModel.swift */; };
		FAB92E0E2C44D67300F52346 /* Task.swift in Sources */ = {isa = PBXBuildFile; fileRef = FAB92E0D2C44D67300F52346 /* Task.swift */; };
		FAB92E102C44D68100F52346 /* Item.swift in Sources */ = {isa = PBXBuildFile; fileRef = FAB92E0F2C44D68100F52346 /* Item.swift */; };
		FD6642052C4760BC00641B3E /* Alphabets.swift in Sources */ = {isa = PBXBuildFile; fileRef = FD6642042C4760BC00641B3E /* Alphabets.swift */; };
		FD66420A2C47E17600641B3E /* mainMusic.mp3 in Resources */ = {isa = PBXBuildFile; fileRef = FD6642092C47E17600641B3E /* mainMusic.mp3 */; };
		FD99D0CD2C4552C20065F59E /* ChooseAvatarViewController.swift in Sources */ = {isa = PBXBuildFile; fileRef = FD99D0CC2C4552C20065F59E /* ChooseAvatarViewController.swift */; };
		FD99D0CF2C45680E0065F59E /* ChooseAvatar.swift in Sources */ = {isa = PBXBuildFile; fileRef = FD99D0CE2C45680E0065F59E /* ChooseAvatar.swift */; };
		FD99D0D32C456C450065F59E /* IntroAvatarViewController.swift in Sources */ = {isa = PBXBuildFile; fileRef = FD99D0D22C456C450065F59E /* IntroAvatarViewController.swift */; };
		FD99D0D52C45709B0065F59E /* AvatarIntro.swift in Sources */ = {isa = PBXBuildFile; fileRef = FD99D0D42C45709B0065F59E /* AvatarIntro.swift */; };
/* End PBXBuildFile section */

/* Begin PBXFileReference section */
		1E6755BE2C4619D6004C553C /* Room.swift */ = {isa = PBXFileReference; lastKnownFileType = sourcecode.swift; path = Room.swift; sourceTree = "<group>"; };
		AF1358542C477154005F72C3 /* PKStrokeMatching.swift */ = {isa = PBXFileReference; lastKnownFileType = sourcecode.swift; path = PKStrokeMatching.swift; sourceTree = "<group>"; };
		AF1358562C47719E005F72C3 /* PKStrokePathAdditions.swift */ = {isa = PBXFileReference; lastKnownFileType = sourcecode.swift; path = PKStrokePathAdditions.swift; sourceTree = "<group>"; };
		AF13585A2C477287005F72C3 /* PracticeViewController.swift */ = {isa = PBXFileReference; lastKnownFileType = sourcecode.swift; path = PracticeViewController.swift; sourceTree = "<group>"; };
		AF13585C2C4772B0005F72C3 /* TextGenerator.swift */ = {isa = PBXFileReference; lastKnownFileType = sourcecode.swift; path = TextGenerator.swift; sourceTree = "<group>"; };
		AF13585E2C4773B2005F72C3 /* SceneDelegate.swift */ = {isa = PBXFileReference; lastKnownFileType = sourcecode.swift; path = SceneDelegate.swift; sourceTree = "<group>"; };
		AF181F0C2C44CFFE0070C7CA /* bubadibaco.app */ = {isa = PBXFileReference; explicitFileType = wrapper.application; includeInIndex = 0; path = bubadibaco.app; sourceTree = BUILT_PRODUCTS_DIR; };
		AF181F0F2C44CFFE0070C7CA /* AppDelegate.swift */ = {isa = PBXFileReference; lastKnownFileType = sourcecode.swift; path = AppDelegate.swift; sourceTree = "<group>"; };
		AF181F112C44CFFF0070C7CA /* GameScene.sks */ = {isa = PBXFileReference; lastKnownFileType = file.sks; path = GameScene.sks; sourceTree = "<group>"; };
		AF181F132C44CFFF0070C7CA /* Actions.sks */ = {isa = PBXFileReference; lastKnownFileType = file.sks; path = Actions.sks; sourceTree = "<group>"; };
		AF181F152C44CFFF0070C7CA /* GameScene.swift */ = {isa = PBXFileReference; lastKnownFileType = sourcecode.swift; path = GameScene.swift; sourceTree = "<group>"; };
		AF181F172C44CFFF0070C7CA /* GameViewController.swift */ = {isa = PBXFileReference; lastKnownFileType = sourcecode.swift; path = GameViewController.swift; sourceTree = "<group>"; };
		AF181F1A2C44CFFF0070C7CA /* Base */ = {isa = PBXFileReference; lastKnownFileType = file.storyboard; name = Base; path = Base.lproj/Main.storyboard; sourceTree = "<group>"; };
		AF181F1C2C44D0010070C7CA /* Assets.xcassets */ = {isa = PBXFileReference; lastKnownFileType = folder.assetcatalog; path = Assets.xcassets; sourceTree = "<group>"; };
		AF181F1F2C44D0010070C7CA /* Base */ = {isa = PBXFileReference; lastKnownFileType = file.storyboard; name = Base; path = Base.lproj/LaunchScreen.storyboard; sourceTree = "<group>"; };
		AF65FA9C2C4619CE0025B68B /* AvatarRecap.swift */ = {isa = PBXFileReference; lastKnownFileType = sourcecode.swift; path = AvatarRecap.swift; sourceTree = "<group>"; };
		AF65FA9E2C461B490025B68B /* RecapAvatarViewController.swift */ = {isa = PBXFileReference; lastKnownFileType = sourcecode.swift; path = RecapAvatarViewController.swift; sourceTree = "<group>"; };
		AF65FAA02C461E650025B68B /* Character.swift */ = {isa = PBXFileReference; lastKnownFileType = sourcecode.swift; path = Character.swift; sourceTree = "<group>"; };
		FA5EA32F2C48C97600A1D827 /* CharacterData.swift */ = {isa = PBXFileReference; lastKnownFileType = sourcecode.swift; path = CharacterData.swift; sourceTree = "<group>"; };
		FA5EA3312C49144500A1D827 /* TaskManager.swift */ = {isa = PBXFileReference; lastKnownFileType = sourcecode.swift; path = TaskManager.swift; sourceTree = "<group>"; };
		FA5EA3352C49158900A1D827 /* ToDo.swift */ = {isa = PBXFileReference; lastKnownFileType = sourcecode.swift; path = ToDo.swift; sourceTree = "<group>"; };
		FA743A6C2C47855F00EAFB0D /* PencilBoardView.swift */ = {isa = PBXFileReference; lastKnownFileType = sourcecode.swift; path = PencilBoardView.swift; sourceTree = "<group>"; };
		FA743A6E2C48A92B00EAFB0D /* RoomDataController.swift */ = {isa = PBXFileReference; lastKnownFileType = sourcecode.swift; path = RoomDataController.swift; sourceTree = "<group>"; };
		FAB92E0B2C44D18300F52346 /* PencilBoardViewModel.swift */ = {isa = PBXFileReference; lastKnownFileType = sourcecode.swift; name = PencilBoardViewModel.swift; path = bubadibaco/ViewModel/PencilBoardViewModel.swift; sourceTree = SOURCE_ROOT; };
		FAB92E0D2C44D67300F52346 /* Task.swift */ = {isa = PBXFileReference; lastKnownFileType = sourcecode.swift; path = Task.swift; sourceTree = "<group>"; };
		FAB92E0F2C44D68100F52346 /* Item.swift */ = {isa = PBXFileReference; lastKnownFileType = sourcecode.swift; path = Item.swift; sourceTree = "<group>"; };
		FD6642042C4760BC00641B3E /* Alphabets.swift */ = {isa = PBXFileReference; lastKnownFileType = sourcecode.swift; path = Alphabets.swift; sourceTree = "<group>"; };
		FD6642092C47E17600641B3E /* mainMusic.mp3 */ = {isa = PBXFileReference; lastKnownFileType = audio.mp3; path = mainMusic.mp3; sourceTree = "<group>"; };
		FD99D0CC2C4552C20065F59E /* ChooseAvatarViewController.swift */ = {isa = PBXFileReference; lastKnownFileType = sourcecode.swift; path = ChooseAvatarViewController.swift; sourceTree = "<group>"; };
		FD99D0CE2C45680E0065F59E /* ChooseAvatar.swift */ = {isa = PBXFileReference; lastKnownFileType = sourcecode.swift; path = ChooseAvatar.swift; sourceTree = "<group>"; };
		FD99D0D22C456C450065F59E /* IntroAvatarViewController.swift */ = {isa = PBXFileReference; lastKnownFileType = sourcecode.swift; path = IntroAvatarViewController.swift; sourceTree = "<group>"; };
		FD99D0D42C45709B0065F59E /* AvatarIntro.swift */ = {isa = PBXFileReference; lastKnownFileType = sourcecode.swift; path = AvatarIntro.swift; sourceTree = "<group>"; };
/* End PBXFileReference section */

/* Begin PBXFrameworksBuildPhase section */
		AF181F092C44CFFE0070C7CA /* Frameworks */ = {
			isa = PBXFrameworksBuildPhase;
			buildActionMask = 2147483647;
			files = (
			);
			runOnlyForDeploymentPostprocessing = 0;
		};
/* End PBXFrameworksBuildPhase section */

/* Begin PBXGroup section */
		AF1358532C47713E005F72C3 /* Helper */ = {
			isa = PBXGroup;
			children = (
				AF1358542C477154005F72C3 /* PKStrokeMatching.swift */,
				AF1358562C47719E005F72C3 /* PKStrokePathAdditions.swift */,
				AF13585C2C4772B0005F72C3 /* TextGenerator.swift */,
			);
			path = Helper;
			sourceTree = "<group>";
		};
		AF181F032C44CFFE0070C7CA = {
			isa = PBXGroup;
			children = (
				AF181F0E2C44CFFE0070C7CA /* bubadibaco */,
				AF181F0D2C44CFFE0070C7CA /* Products */,
			);
			sourceTree = "<group>";
		};
		AF181F0D2C44CFFE0070C7CA /* Products */ = {
			isa = PBXGroup;
			children = (
				AF181F0C2C44CFFE0070C7CA /* bubadibaco.app */,
			);
			name = Products;
			sourceTree = "<group>";
		};
		AF181F0E2C44CFFE0070C7CA /* bubadibaco */ = {
			isa = PBXGroup;
			children = (
				AF1358532C47713E005F72C3 /* Helper */,
				FAB92E0A2C44D16F00F52346 /* ViewModel */,
				FAB92E082C44D16000F52346 /* Model */,
				AF181F0F2C44CFFE0070C7CA /* AppDelegate.swift */,
				AF181F112C44CFFF0070C7CA /* GameScene.sks */,
				AF181F132C44CFFF0070C7CA /* Actions.sks */,
				FD99D0D12C4568AB0065F59E /* View */,
				FD99D0D02C4568590065F59E /* ViewController */,
				AF181F152C44CFFF0070C7CA /* GameScene.swift */,
				AF181F192C44CFFF0070C7CA /* Main.storyboard */,
				AF181F1C2C44D0010070C7CA /* Assets.xcassets */,
				AF181F1E2C44D0010070C7CA /* LaunchScreen.storyboard */,
				AF13585E2C4773B2005F72C3 /* SceneDelegate.swift */,
				FD6642082C47E05300641B3E /* Sounds */,
			);
			path = bubadibaco;
			sourceTree = "<group>";
		};
		FAB92E082C44D16000F52346 /* Model */ = {
			isa = PBXGroup;
			children = (
				FAB92E0D2C44D67300F52346 /* Task.swift */,
				FAB92E0F2C44D68100F52346 /* Item.swift */,
				AF65FAA02C461E650025B68B /* Character.swift */,
				FA5EA3312C49144500A1D827 /* TaskManager.swift */,
			);
			path = Model;
			sourceTree = "<group>";
		};
		FAB92E0A2C44D16F00F52346 /* ViewModel */ = {
			isa = PBXGroup;
			children = (
				FAB92E0B2C44D18300F52346 /* PencilBoardViewModel.swift */,
			);
			path = ViewModel;
			sourceTree = "<group>";
		};
		FD6642082C47E05300641B3E /* Sounds */ = {
			isa = PBXGroup;
			children = (
				FD6642092C47E17600641B3E /* mainMusic.mp3 */,
			);
			path = Sounds;
			sourceTree = "<group>";
		};
		FD99D0D02C4568590065F59E /* ViewController */ = {
			isa = PBXGroup;
			children = (
				AF181F172C44CFFF0070C7CA /* GameViewController.swift */,
				FD99D0CC2C4552C20065F59E /* ChooseAvatarViewController.swift */,
				FD99D0D22C456C450065F59E /* IntroAvatarViewController.swift */,
				AF13585A2C477287005F72C3 /* PracticeViewController.swift */,
				AF65FA9E2C461B490025B68B /* RecapAvatarViewController.swift */,
				FA743A6E2C48A92B00EAFB0D /* RoomDataController.swift */,
				FA5EA32F2C48C97600A1D827 /* CharacterData.swift */,
			);
			path = ViewController;
			sourceTree = "<group>";
		};
		FD99D0D12C4568AB0065F59E /* View */ = {
			isa = PBXGroup;
			children = (
				FD99D0CE2C45680E0065F59E /* ChooseAvatar.swift */,
				FD99D0D42C45709B0065F59E /* AvatarIntro.swift */,
				1E6755BE2C4619D6004C553C /* Room.swift */,
				AF65FA9C2C4619CE0025B68B /* AvatarRecap.swift */,
				FD6642042C4760BC00641B3E /* Alphabets.swift */,
				FA743A6C2C47855F00EAFB0D /* PencilBoardView.swift */,
				FA5EA3352C49158900A1D827 /* ToDo.swift */,
			);
			path = View;
			sourceTree = "<group>";
		};
/* End PBXGroup section */

/* Begin PBXNativeTarget section */
		AF181F0B2C44CFFE0070C7CA /* bubadibaco */ = {
			isa = PBXNativeTarget;
			buildConfigurationList = AF181F232C44D0010070C7CA /* Build configuration list for PBXNativeTarget "bubadibaco" */;
			buildPhases = (
				AF181F082C44CFFE0070C7CA /* Sources */,
				AF181F092C44CFFE0070C7CA /* Frameworks */,
				AF181F0A2C44CFFE0070C7CA /* Resources */,
			);
			buildRules = (
			);
			dependencies = (
			);
			name = bubadibaco;
			productName = bubadibaco;
			productReference = AF181F0C2C44CFFE0070C7CA /* bubadibaco.app */;
			productType = "com.apple.product-type.application";
		};
/* End PBXNativeTarget section */

/* Begin PBXProject section */
		AF181F042C44CFFE0070C7CA /* Project object */ = {
			isa = PBXProject;
			attributes = {
				BuildIndependentTargetsInParallel = 1;
				LastSwiftUpdateCheck = 1520;
				LastUpgradeCheck = 1520;
				TargetAttributes = {
					AF181F0B2C44CFFE0070C7CA = {
						CreatedOnToolsVersion = 15.2;
					};
				};
			};
			buildConfigurationList = AF181F072C44CFFE0070C7CA /* Build configuration list for PBXProject "bubadibaco" */;
			compatibilityVersion = "Xcode 14.0";
			developmentRegion = en;
			hasScannedForEncodings = 0;
			knownRegions = (
				en,
				Base,
			);
			mainGroup = AF181F032C44CFFE0070C7CA;
			productRefGroup = AF181F0D2C44CFFE0070C7CA /* Products */;
			projectDirPath = "";
			projectRoot = "";
			targets = (
				AF181F0B2C44CFFE0070C7CA /* bubadibaco */,
			);
		};
/* End PBXProject section */

/* Begin PBXResourcesBuildPhase section */
		AF181F0A2C44CFFE0070C7CA /* Resources */ = {
			isa = PBXResourcesBuildPhase;
			buildActionMask = 2147483647;
			files = (
				AF181F1B2C44CFFF0070C7CA /* Main.storyboard in Resources */,
				AF181F122C44CFFF0070C7CA /* GameScene.sks in Resources */,
				AF181F1D2C44D0010070C7CA /* Assets.xcassets in Resources */,
				AF181F202C44D0010070C7CA /* LaunchScreen.storyboard in Resources */,
				AF181F142C44CFFF0070C7CA /* Actions.sks in Resources */,
				FD66420A2C47E17600641B3E /* mainMusic.mp3 in Resources */,
			);
			runOnlyForDeploymentPostprocessing = 0;
		};
/* End PBXResourcesBuildPhase section */

/* Begin PBXSourcesBuildPhase section */
		AF181F082C44CFFE0070C7CA /* Sources */ = {
			isa = PBXSourcesBuildPhase;
			buildActionMask = 2147483647;
			files = (
				FA743A6F2C48A92B00EAFB0D /* RoomDataController.swift in Sources */,
				FD99D0CD2C4552C20065F59E /* ChooseAvatarViewController.swift in Sources */,
				FD99D0CF2C45680E0065F59E /* ChooseAvatar.swift in Sources */,
				AF65FAA12C461E650025B68B /* Character.swift in Sources */,
				FD99D0D32C456C450065F59E /* IntroAvatarViewController.swift in Sources */,
				AF13585B2C477287005F72C3 /* PracticeViewController.swift in Sources */,
				AF181F162C44CFFF0070C7CA /* GameScene.swift in Sources */,
				AF181F182C44CFFF0070C7CA /* GameViewController.swift in Sources */,
				AF13585F2C4773B2005F72C3 /* SceneDelegate.swift in Sources */,
				FAB92E0E2C44D67300F52346 /* Task.swift in Sources */,
				FD99D0D52C45709B0065F59E /* AvatarIntro.swift in Sources */,
				AF65FA9D2C4619CE0025B68B /* AvatarRecap.swift in Sources */,
				AF181F102C44CFFE0070C7CA /* AppDelegate.swift in Sources */,
				FD6642052C4760BC00641B3E /* Alphabets.swift in Sources */,
				FAB92E102C44D68100F52346 /* Item.swift in Sources */,
				FA5EA3302C48C97600A1D827 /* CharacterData.swift in Sources */,
				AF1358572C47719E005F72C3 /* PKStrokePathAdditions.swift in Sources */,
				AF13585D2C4772B0005F72C3 /* TextGenerator.swift in Sources */,
				AF1358552C477154005F72C3 /* PKStrokeMatching.swift in Sources */,
				FAB92E0C2C44D18300F52346 /* PencilBoardViewModel.swift in Sources */,
				AF65FA9F2C461B490025B68B /* RecapAvatarViewController.swift in Sources */,
				FA5EA3362C49158900A1D827 /* ToDo.swift in Sources */,
				FA5EA3322C49144500A1D827 /* TaskManager.swift in Sources */,
				FA743A6D2C47855F00EAFB0D /* PencilBoardView.swift in Sources */,
				1E6755BF2C4619D6004C553C /* Room.swift in Sources */,
			);
			runOnlyForDeploymentPostprocessing = 0;
		};
/* End PBXSourcesBuildPhase section */

/* Begin PBXVariantGroup section */
		AF181F192C44CFFF0070C7CA /* Main.storyboard */ = {
			isa = PBXVariantGroup;
			children = (
				AF181F1A2C44CFFF0070C7CA /* Base */,
			);
			name = Main.storyboard;
			sourceTree = "<group>";
		};
		AF181F1E2C44D0010070C7CA /* LaunchScreen.storyboard */ = {
			isa = PBXVariantGroup;
			children = (
				AF181F1F2C44D0010070C7CA /* Base */,
			);
			name = LaunchScreen.storyboard;
			sourceTree = "<group>";
		};
/* End PBXVariantGroup section */

/* Begin XCBuildConfiguration section */
		AF181F212C44D0010070C7CA /* Debug */ = {
			isa = XCBuildConfiguration;
			buildSettings = {
				ALWAYS_SEARCH_USER_PATHS = NO;
				ASSETCATALOG_COMPILER_GENERATE_SWIFT_ASSET_SYMBOL_EXTENSIONS = YES;
				CLANG_ANALYZER_NONNULL = YES;
				CLANG_ANALYZER_NUMBER_OBJECT_CONVERSION = YES_AGGRESSIVE;
				CLANG_CXX_LANGUAGE_STANDARD = "gnu++20";
				CLANG_ENABLE_MODULES = YES;
				CLANG_ENABLE_OBJC_ARC = YES;
				CLANG_ENABLE_OBJC_WEAK = YES;
				CLANG_WARN_BLOCK_CAPTURE_AUTORELEASING = YES;
				CLANG_WARN_BOOL_CONVERSION = YES;
				CLANG_WARN_COMMA = YES;
				CLANG_WARN_CONSTANT_CONVERSION = YES;
				CLANG_WARN_DEPRECATED_OBJC_IMPLEMENTATIONS = YES;
				CLANG_WARN_DIRECT_OBJC_ISA_USAGE = YES_ERROR;
				CLANG_WARN_DOCUMENTATION_COMMENTS = YES;
				CLANG_WARN_EMPTY_BODY = YES;
				CLANG_WARN_ENUM_CONVERSION = YES;
				CLANG_WARN_INFINITE_RECURSION = YES;
				CLANG_WARN_INT_CONVERSION = YES;
				CLANG_WARN_NON_LITERAL_NULL_CONVERSION = YES;
				CLANG_WARN_OBJC_IMPLICIT_RETAIN_SELF = YES;
				CLANG_WARN_OBJC_LITERAL_CONVERSION = YES;
				CLANG_WARN_OBJC_ROOT_CLASS = YES_ERROR;
				CLANG_WARN_QUOTED_INCLUDE_IN_FRAMEWORK_HEADER = YES;
				CLANG_WARN_RANGE_LOOP_ANALYSIS = YES;
				CLANG_WARN_STRICT_PROTOTYPES = YES;
				CLANG_WARN_SUSPICIOUS_MOVE = YES;
				CLANG_WARN_UNGUARDED_AVAILABILITY = YES_AGGRESSIVE;
				CLANG_WARN_UNREACHABLE_CODE = YES;
				CLANG_WARN__DUPLICATE_METHOD_MATCH = YES;
				COPY_PHASE_STRIP = NO;
				DEBUG_INFORMATION_FORMAT = dwarf;
				ENABLE_STRICT_OBJC_MSGSEND = YES;
				ENABLE_TESTABILITY = YES;
				ENABLE_USER_SCRIPT_SANDBOXING = YES;
				GCC_C_LANGUAGE_STANDARD = gnu17;
				GCC_DYNAMIC_NO_PIC = NO;
				GCC_NO_COMMON_BLOCKS = YES;
				GCC_OPTIMIZATION_LEVEL = 0;
				GCC_PREPROCESSOR_DEFINITIONS = (
					"DEBUG=1",
					"$(inherited)",
				);
				GCC_WARN_64_TO_32_BIT_CONVERSION = YES;
				GCC_WARN_ABOUT_RETURN_TYPE = YES_ERROR;
				GCC_WARN_UNDECLARED_SELECTOR = YES;
				GCC_WARN_UNINITIALIZED_AUTOS = YES_AGGRESSIVE;
				GCC_WARN_UNUSED_FUNCTION = YES;
				GCC_WARN_UNUSED_VARIABLE = YES;
				IPHONEOS_DEPLOYMENT_TARGET = 17.2;
				LOCALIZATION_PREFERS_STRING_CATALOGS = YES;
				MTL_ENABLE_DEBUG_INFO = INCLUDE_SOURCE;
				MTL_FAST_MATH = YES;
				ONLY_ACTIVE_ARCH = YES;
				SDKROOT = iphoneos;
				SWIFT_ACTIVE_COMPILATION_CONDITIONS = "DEBUG $(inherited)";
				SWIFT_OPTIMIZATION_LEVEL = "-Onone";
			};
			name = Debug;
		};
		AF181F222C44D0010070C7CA /* Release */ = {
			isa = XCBuildConfiguration;
			buildSettings = {
				ALWAYS_SEARCH_USER_PATHS = NO;
				ASSETCATALOG_COMPILER_GENERATE_SWIFT_ASSET_SYMBOL_EXTENSIONS = YES;
				CLANG_ANALYZER_NONNULL = YES;
				CLANG_ANALYZER_NUMBER_OBJECT_CONVERSION = YES_AGGRESSIVE;
				CLANG_CXX_LANGUAGE_STANDARD = "gnu++20";
				CLANG_ENABLE_MODULES = YES;
				CLANG_ENABLE_OBJC_ARC = YES;
				CLANG_ENABLE_OBJC_WEAK = YES;
				CLANG_WARN_BLOCK_CAPTURE_AUTORELEASING = YES;
				CLANG_WARN_BOOL_CONVERSION = YES;
				CLANG_WARN_COMMA = YES;
				CLANG_WARN_CONSTANT_CONVERSION = YES;
				CLANG_WARN_DEPRECATED_OBJC_IMPLEMENTATIONS = YES;
				CLANG_WARN_DIRECT_OBJC_ISA_USAGE = YES_ERROR;
				CLANG_WARN_DOCUMENTATION_COMMENTS = YES;
				CLANG_WARN_EMPTY_BODY = YES;
				CLANG_WARN_ENUM_CONVERSION = YES;
				CLANG_WARN_INFINITE_RECURSION = YES;
				CLANG_WARN_INT_CONVERSION = YES;
				CLANG_WARN_NON_LITERAL_NULL_CONVERSION = YES;
				CLANG_WARN_OBJC_IMPLICIT_RETAIN_SELF = YES;
				CLANG_WARN_OBJC_LITERAL_CONVERSION = YES;
				CLANG_WARN_OBJC_ROOT_CLASS = YES_ERROR;
				CLANG_WARN_QUOTED_INCLUDE_IN_FRAMEWORK_HEADER = YES;
				CLANG_WARN_RANGE_LOOP_ANALYSIS = YES;
				CLANG_WARN_STRICT_PROTOTYPES = YES;
				CLANG_WARN_SUSPICIOUS_MOVE = YES;
				CLANG_WARN_UNGUARDED_AVAILABILITY = YES_AGGRESSIVE;
				CLANG_WARN_UNREACHABLE_CODE = YES;
				CLANG_WARN__DUPLICATE_METHOD_MATCH = YES;
				COPY_PHASE_STRIP = NO;
				DEBUG_INFORMATION_FORMAT = "dwarf-with-dsym";
				ENABLE_NS_ASSERTIONS = NO;
				ENABLE_STRICT_OBJC_MSGSEND = YES;
				ENABLE_USER_SCRIPT_SANDBOXING = YES;
				GCC_C_LANGUAGE_STANDARD = gnu17;
				GCC_NO_COMMON_BLOCKS = YES;
				GCC_WARN_64_TO_32_BIT_CONVERSION = YES;
				GCC_WARN_ABOUT_RETURN_TYPE = YES_ERROR;
				GCC_WARN_UNDECLARED_SELECTOR = YES;
				GCC_WARN_UNINITIALIZED_AUTOS = YES_AGGRESSIVE;
				GCC_WARN_UNUSED_FUNCTION = YES;
				GCC_WARN_UNUSED_VARIABLE = YES;
				IPHONEOS_DEPLOYMENT_TARGET = 17.2;
				LOCALIZATION_PREFERS_STRING_CATALOGS = YES;
				MTL_ENABLE_DEBUG_INFO = NO;
				MTL_FAST_MATH = YES;
				SDKROOT = iphoneos;
				SWIFT_COMPILATION_MODE = wholemodule;
				VALIDATE_PRODUCT = YES;
			};
			name = Release;
		};
		AF181F242C44D0010070C7CA /* Debug */ = {
			isa = XCBuildConfiguration;
			buildSettings = {
				ASSETCATALOG_COMPILER_APPICON_NAME = AppIcon;
				ASSETCATALOG_COMPILER_GLOBAL_ACCENT_COLOR_NAME = AccentColor;
				CODE_SIGN_STYLE = Automatic;
				CURRENT_PROJECT_VERSION = 1;
				DEVELOPMENT_TEAM = S4Z9KPA382;
				GENERATE_INFOPLIST_FILE = YES;
				INFOPLIST_KEY_CFBundleDisplayName = "Magic Trace ABC ";
				INFOPLIST_KEY_UIApplicationSupportsIndirectInputEvents = YES;
				INFOPLIST_KEY_UILaunchStoryboardName = LaunchScreen;
				INFOPLIST_KEY_UIMainStoryboardFile = Main;
				INFOPLIST_KEY_UIRequiresFullScreen = YES;
				INFOPLIST_KEY_UIStatusBarHidden = YES;
				INFOPLIST_KEY_UISupportedInterfaceOrientations = "UIInterfaceOrientationLandscapeLeft UIInterfaceOrientationLandscapeRight";
				LD_RUNPATH_SEARCH_PATHS = (
					"$(inherited)",
					"@executable_path/Frameworks",
				);
				MARKETING_VERSION = 1.0;
				PRODUCT_BUNDLE_IDENTIFIER = com.team9.bubadibaco;
				PRODUCT_NAME = "$(TARGET_NAME)";
				SUPPORTED_PLATFORMS = "iphoneos iphonesimulator";
				SUPPORTS_MACCATALYST = NO;
				SUPPORTS_MAC_DESIGNED_FOR_IPHONE_IPAD = NO;
				SUPPORTS_XR_DESIGNED_FOR_IPHONE_IPAD = NO;
				SWIFT_EMIT_LOC_STRINGS = YES;
				SWIFT_VERSION = 5.0;
				TARGETED_DEVICE_FAMILY = "1,2";
			};
			name = Debug;
		};
		AF181F252C44D0010070C7CA /* Release */ = {
			isa = XCBuildConfiguration;
			buildSettings = {
				ASSETCATALOG_COMPILER_APPICON_NAME = AppIcon;
				ASSETCATALOG_COMPILER_GLOBAL_ACCENT_COLOR_NAME = AccentColor;
				CODE_SIGN_STYLE = Automatic;
				CURRENT_PROJECT_VERSION = 1;
				DEVELOPMENT_TEAM = S4Z9KPA382;
				GENERATE_INFOPLIST_FILE = YES;
				INFOPLIST_KEY_CFBundleDisplayName = "Magic Trace ABC ";
				INFOPLIST_KEY_UIApplicationSupportsIndirectInputEvents = YES;
				INFOPLIST_KEY_UILaunchStoryboardName = LaunchScreen;
				INFOPLIST_KEY_UIMainStoryboardFile = Main;
				INFOPLIST_KEY_UIRequiresFullScreen = YES;
				INFOPLIST_KEY_UIStatusBarHidden = YES;
				INFOPLIST_KEY_UISupportedInterfaceOrientations = "UIInterfaceOrientationLandscapeLeft UIInterfaceOrientationLandscapeRight";
				LD_RUNPATH_SEARCH_PATHS = (
					"$(inherited)",
					"@executable_path/Frameworks",
				);
				MARKETING_VERSION = 1.0;
				PRODUCT_BUNDLE_IDENTIFIER = com.team9.bubadibaco;
				PRODUCT_NAME = "$(TARGET_NAME)";
				SUPPORTED_PLATFORMS = "iphoneos iphonesimulator";
				SUPPORTS_MACCATALYST = NO;
				SUPPORTS_MAC_DESIGNED_FOR_IPHONE_IPAD = NO;
				SUPPORTS_XR_DESIGNED_FOR_IPHONE_IPAD = NO;
				SWIFT_EMIT_LOC_STRINGS = YES;
				SWIFT_VERSION = 5.0;
				TARGETED_DEVICE_FAMILY = "1,2";
			};
			name = Release;
		};
/* End XCBuildConfiguration section */

/* Begin XCConfigurationList section */
		AF181F072C44CFFE0070C7CA /* Build configuration list for PBXProject "bubadibaco" */ = {
			isa = XCConfigurationList;
			buildConfigurations = (
				AF181F212C44D0010070C7CA /* Debug */,
				AF181F222C44D0010070C7CA /* Release */,
			);
			defaultConfigurationIsVisible = 0;
			defaultConfigurationName = Release;
		};
		AF181F232C44D0010070C7CA /* Build configuration list for PBXNativeTarget "bubadibaco" */ = {
			isa = XCConfigurationList;
			buildConfigurations = (
				AF181F242C44D0010070C7CA /* Debug */,
				AF181F252C44D0010070C7CA /* Release */,
			);
			defaultConfigurationIsVisible = 0;
			defaultConfigurationName = Release;
		};
/* End XCConfigurationList section */
	};
	rootObject = AF181F042C44CFFE0070C7CA /* Project object */;
}
